# This file is automatically @generated by Cargo.
# It is not intended for manual editing.
version = 4

[[package]]
name = "pcap-evidence"
version = "0.1.0"

[[package]]
name = "pcap-evidence-product"
version = "0.2.0"
dependencies = [
 "pcap-evidence",
 "pcap-evidence-stream",
]

[[package]]
name = "pcap-evidence-stream"
version = "0.1.0"
dependencies = [
 "pcap-evidence",
]
